
Microsoft Visual Studio Solution File, Format Version 12.00
# Visual Studio Version 17
VisualStudioVersion = 17.0.31903.59
MinimumVisualStudioVersion = 10.0.40219.1
Project("{FAE04EC0-301F-11D3-BF4B-00C04F79EFBC}") = "DemoLibrary", "DemoLibrary\DemoLibrary.csproj", "{55DD1AEB-74B7-4ED6-9328-DFC42F920D82}"
EndProject
Project("{FAE04EC0-301F-11D3-BF4B-00C04F79EFBC}") = "ConsoleUI", "consoleUI\ConsoleUI.csproj", "{FFA1B280-38C1-4482-91DF-9ACA69E4F0B3}"
EndProject
Global
	GlobalSection(SolutionConfigurationPlatforms) = preSolution
		Debug|Any CPU = Debug|Any CPU
		Release|Any CPU = Release|Any CPU
	EndGlobalSection
	GlobalSection(SolutionProperties) = preSolution
		HideSolutionNode = FALSE
	EndGlobalSection
	GlobalSection(ProjectConfigurationPlatforms) = postSolution
		{55DD1AEB-74B7-4ED6-9328-DFC42F920D82}.Debug|Any CPU.ActiveCfg = Debug|Any CPU
		{55DD1AEB-74B7-4ED6-9328-DFC42F920D82}.Debug|Any CPU.Build.0 = Debug|Any CPU
		{55DD1AEB-74B7-4ED6-9328-DFC42F920D82}.Release|Any CPU.ActiveCfg = Release|Any CPU
		{55DD1AEB-74B7-4ED6-9328-DFC42F920D82}.Release|Any CPU.Build.0 = Release|Any CPU
		{FFA1B280-38C1-4482-91DF-9ACA69E4F0B3}.Debug|Any CPU.ActiveCfg = Debug|Any CPU
		{FFA1B280-38C1-4482-91DF-9ACA69E4F0B3}.Debug|Any CPU.Build.0 = Debug|Any CPU
		{FFA1B280-38C1-4482-91DF-9ACA69E4F0B3}.Release|Any CPU.ActiveCfg = Release|Any CPU
		{FFA1B280-38C1-4482-91DF-9ACA69E4F0B3}.Release|Any CPU.Build.0 = Release|Any CPU
	EndGlobalSection
EndGlobal
